{
  "lockfile_version": "1",
  "packages": {
    "bash": {
      "resolved": "github:NixOS/nixpkgs/75a52265bda7fd25e06e3a67dee3f0354e73243c#bash",
      "source": "nixpkg"
    },
    "coreutils": {
      "resolved": "github:NixOS/nixpkgs/75a52265bda7fd25e06e3a67dee3f0354e73243c#coreutils",
      "source": "nixpkg"
    },
    "git": {
      "resolved": "github:NixOS/nixpkgs/75a52265bda7fd25e06e3a67dee3f0354e73243c#git",
      "source": "nixpkg"
    }
  }
}
